// !$*UTF8*$!
{
	archiveVersion = 1;
	classes = {
	};
	objectVersion = 50;
	objects = {

/* Begin PBXBuildFile section */
		76D1642F265D67B80055BC6C /* AppDelegate.swift in Sources */ = {isa = PBXBuildFile; fileRef = 76D1642E265D67B80055BC6C /* AppDelegate.swift */; };
		76D16431265D67B80055BC6C /* SceneDelegate.swift in Sources */ = {isa = PBXBuildFile; fileRef = 76D16430265D67B80055BC6C /* SceneDelegate.swift */; };
		76D16433265D67B80055BC6C /* ViewController.swift in Sources */ = {isa = PBXBuildFile; fileRef = 76D16432265D67B80055BC6C /* ViewController.swift */; };
		76D16436265D67B80055BC6C /* Main.storyboard in Resources */ = {isa = PBXBuildFile; fileRef = 76D16434265D67B80055BC6C /* Main.storyboard */; };
		76D16439265D67B80055BC6C /* MapKit_demo.xcdatamodeld in Sources */ = {isa = PBXBuildFile; fileRef = 76D16437265D67B80055BC6C /* MapKit_demo.xcdatamodeld */; };
		76D1643B265D67B90055BC6C /* Assets.xcassets in Resources */ = {isa = PBXBuildFile; fileRef = 76D1643A265D67B90055BC6C /* Assets.xcassets */; };
		76D1643E265D67B90055BC6C /* LaunchScreen.storyboard in Resources */ = {isa = PBXBuildFile; fileRef = 76D1643C265D67B90055BC6C /* LaunchScreen.storyboard */; };
		76D16449265D67BA0055BC6C /* MapKit_demoTests.swift in Sources */ = {isa = PBXBuildFile; fileRef = 76D16448265D67BA0055BC6C /* MapKit_demoTests.swift */; };
		76D16454265D67BA0055BC6C /* MapKit_demoUITests.swift in Sources */ = {isa = PBXBuildFile; fileRef = 76D16453265D67BA0055BC6C /* MapKit_demoUITests.swift */; };
/* End PBXBuildFile section */

/* Begin PBXContainerItemProxy section */
		76D16445265D67BA0055BC6C /* PBXContainerItemProxy */ = {
			isa = PBXContainerItemProxy;
			containerPortal = 76D16423265D67B70055BC6C /* Project object */;
			proxyType = 1;
			remoteGlobalIDString = 76D1642A265D67B70055BC6C;
			remoteInfo = "MapKit demo";
		};
		76D16450265D67BA0055BC6C /* PBXContainerItemProxy */ = {
			isa = PBXContainerItemProxy;
			containerPortal = 76D16423265D67B70055BC6C /* Project object */;
			proxyType = 1;
			remoteGlobalIDString = 76D1642A265D67B70055BC6C;
			remoteInfo = "MapKit demo";
		};
/* End PBXContainerItemProxy section */

/* Begin PBXFileReference section */
		76D1642B265D67B80055BC6C /* MapKit demo.app */ = {isa = PBXFileReference; explicitFileType = wrapper.application; includeInIndex = 0; path = "MapKit demo.app"; sourceTree = BUILT_PRODUCTS_DIR; };
		76D1642E265D67B80055BC6C /* AppDelegate.swift */ = {isa = PBXFileReference; lastKnownFileType = sourcecode.swift; path = AppDelegate.swift; sourceTree = "<group>"; };
		76D16430265D67B80055BC6C /* SceneDelegate.swift */ = {isa = PBXFileReference; lastKnownFileType = sourcecode.swift; path = SceneDelegate.swift; sourceTree = "<group>"; };
		76D16432265D67B80055BC6C /* ViewController.swift */ = {isa = PBXFileReference; lastKnownFileType = sourcecode.swift; path = ViewController.swift; sourceTree = "<group>"; };
		76D16435265D67B80055BC6C /* Base */ = {isa = PBXFileReference; lastKnownFileType = file.storyboard; name = Base; path = Base.lproj/Main.storyboard; sourceTree = "<group>"; };
		76D16438265D67B80055BC6C /* MapKit_demo.xcdatamodel */ = {isa = PBXFileReference; lastKnownFileType = wrapper.xcdatamodel; path = MapKit_demo.xcdatamodel; sourceTree = "<group>"; };
		76D1643A265D67B90055BC6C /* Assets.xcassets */ = {isa = PBXFileReference; lastKnownFileType = folder.assetcatalog; path = Assets.xcassets; sourceTree = "<group>"; };
		76D1643D265D67B90055BC6C /* Base */ = {isa = PBXFileReference; lastKnownFileType = file.storyboard; name = Base; path = Base.lproj/LaunchScreen.storyboard; sourceTree = "<group>"; };
		76D1643F265D67B90055BC6C /* Info.plist */ = {isa = PBXFileReference; lastKnownFileType = text.plist.xml; path = Info.plist; sourceTree = "<group>"; };
		76D16444265D67BA0055BC6C /* MapKit demoTests.xctest */ = {isa = PBXFileReference; explicitFileType = wrapper.cfbundle; includeInIndex = 0; path = "MapKit demoTests.xctest"; sourceTree = BUILT_PRODUCTS_DIR; };
		76D16448265D67BA0055BC6C /* MapKit_demoTests.swift */ = {isa = PBXFileReference; lastKnownFileType = sourcecode.swift; path = MapKit_demoTests.swift; sourceTree = "<group>"; };
		76D1644A265D67BA0055BC6C /* Info.plist */ = {isa = PBXFileReference; lastKnownFileType = text.plist.xml; path = Info.plist; sourceTree = "<group>"; };
		76D1644F265D67BA0055BC6C /* MapKit demoUITests.xctest */ = {isa = PBXFileReference; explicitFileType = wrapper.cfbundle; includeInIndex = 0; path = "MapKit demoUITests.xctest"; sourceTree = BUILT_PRODUCTS_DIR; };
		76D16453265D67BA0055BC6C /* MapKit_demoUITests.swift */ = {isa = PBXFileReference; lastKnownFileType = sourcecode.swift; path = MapKit_demoUITests.swift; sourceTree = "<group>"; };
		76D16455265D67BA0055BC6C /* Info.plist */ = {isa = PBXFileReference; lastKnownFileType = text.plist.xml; path = Info.plist; sourceTree = "<group>"; };
/* End PBXFileReference section */

/* Begin PBXFrameworksBuildPhase section */
		76D16428265D67B70055BC6C /* Frameworks */ = {
			isa = PBXFrameworksBuildPhase;
			buildActionMask = 2147483647;
			files = (
			);
			runOnlyForDeploymentPostprocessing = 0;
		};
		76D16441265D67BA0055BC6C /* Frameworks */ = {
			isa = PBXFrameworksBuildPhase;
			buildActionMask = 2147483647;
			files = (
			);
			runOnlyForDeploymentPostprocessing = 0;
		};
		76D1644C265D67BA0055BC6C /* Frameworks */ = {
			isa = PBXFrameworksBuildPhase;
			buildActionMask = 2147483647;
			files = (
			);
			runOnlyForDeploymentPostprocessing = 0;
		};
/* End PBXFrameworksBuildPhase section */

/* Begin PBXGroup section */
		76D16422265D67B70055BC6C = {
			isa = PBXGroup;
			children = (
				76D1642D265D67B80055BC6C /* MapKit demo */,
				76D16447265D67BA0055BC6C /* MapKit demoTests */,
				76D16452265D67BA0055BC6C /* MapKit demoUITests */,
				76D1642C265D67B80055BC6C /* Products */,
			);
			sourceTree = "<group>";
		};
		76D1642C265D67B80055BC6C /* Products */ = {
			isa = PBXGroup;
			children = (
				76D1642B265D67B80055BC6C /* MapKit demo.app */,
				76D16444265D67BA0055BC6C /* MapKit demoTests.xctest */,
				76D1644F265D67BA0055BC6C /* MapKit demoUITests.xctest */,
			);
			name = Products;
			sourceTree = "<group>";
		};
		76D1642D265D67B80055BC6C /* MapKit demo */ = {
			isa = PBXGroup;
			children = (
				76D1642E265D67B80055BC6C /* AppDelegate.swift */,
				76D16430265D67B80055BC6C /* SceneDelegate.swift */,
				76D16432265D67B80055BC6C /* ViewController.swift */,
				76D16434265D67B80055BC6C /* Main.storyboard */,
				76D1643A265D67B90055BC6C /* Assets.xcassets */,
				76D1643C265D67B90055BC6C /* LaunchScreen.storyboard */,
				76D1643F265D67B90055BC6C /* Info.plist */,
				76D16437265D67B80055BC6C /* MapKit_demo.xcdatamodeld */,
			);
			path = "MapKit demo";
			sourceTree = "<group>";
		};
		76D16447265D67BA0055BC6C /* MapKit demoTests */ = {
			isa = PBXGroup;
			children = (
				76D16448265D67BA0055BC6C /* MapKit_demoTests.swift */,
				76D1644A265D67BA0055BC6C /* Info.plist */,
			);
			path = "MapKit demoTests";
			sourceTree = "<group>";
		};
		76D16452265D67BA0055BC6C /* MapKit demoUITests */ = {
			isa = PBXGroup;
			children = (
				76D16453265D67BA0055BC6C /* MapKit_demoUITests.swift */,
				76D16455265D67BA0055BC6C /* Info.plist */,
			);
			path = "MapKit demoUITests";
			sourceTree = "<group>";
		};
/* End PBXGroup section */

/* Begin PBXNativeTarget section */
		76D1642A265D67B70055BC6C /* MapKit demo */ = {
			isa = PBXNativeTarget;
			buildConfigurationList = 76D16458265D67BA0055BC6C /* Build configuration list for PBXNativeTarget "MapKit demo" */;
			buildPhases = (
				76D16427265D67B70055BC6C /* Sources */,
				76D16428265D67B70055BC6C /* Frameworks */,
				76D16429265D67B70055BC6C /* Resources */,
			);
			buildRules = (
			);
			dependencies = (
			);
			name = "MapKit demo";
			productName = "MapKit demo";
			productReference = 76D1642B265D67B80055BC6C /* MapKit demo.app */;
			productType = "com.apple.product-type.application";
		};
		76D16443265D67BA0055BC6C /* MapKit demoTests */ = {
			isa = PBXNativeTarget;
			buildConfigurationList = 76D1645B265D67BA0055BC6C /* Build configuration list for PBXNativeTarget "MapKit demoTests" */;
			buildPhases = (
				76D16440265D67BA0055BC6C /* Sources */,
				76D16441265D67BA0055BC6C /* Frameworks */,
				76D16442265D67BA0055BC6C /* Resources */,
			);
			buildRules = (
			);
			dependencies = (
				76D16446265D67BA0055BC6C /* PBXTargetDependency */,
			);
			name = "MapKit demoTests";
			productName = "MapKit demoTests";
			productReference = 76D16444265D67BA0055BC6C /* MapKit demoTests.xctest */;
			productType = "com.apple.product-type.bundle.unit-test";
		};
		76D1644E265D67BA0055BC6C /* MapKit demoUITests */ = {
			isa = PBXNativeTarget;
			buildConfigurationList = 76D1645E265D67BA0055BC6C /* Build configuration list for PBXNativeTarget "MapKit demoUITests" */;
			buildPhases = (
				76D1644B265D67BA0055BC6C /* Sources */,
				76D1644C265D67BA0055BC6C /* Frameworks */,
				76D1644D265D67BA0055BC6C /* Resources */,
			);
			buildRules = (
			);
			dependencies = (
				76D16451265D67BA0055BC6C /* PBXTargetDependency */,
			);
			name = "MapKit demoUITests";
			productName = "MapKit demoUITests";
			productReference = 76D1644F265D67BA0055BC6C /* MapKit demoUITests.xctest */;
			productType = "com.apple.product-type.bundle.ui-testing";
		};
/* End PBXNativeTarget section */

/* Begin PBXProject section */
		76D16423265D67B70055BC6C /* Project object */ = {
			isa = PBXProject;
			attributes = {
				LastSwiftUpdateCheck = 1250;
				LastUpgradeCheck = 1250;
				TargetAttributes = {
					76D1642A265D67B70055BC6C = {
						CreatedOnToolsVersion = 12.5;
					};
					76D16443265D67BA0055BC6C = {
						CreatedOnToolsVersion = 12.5;
						TestTargetID = 76D1642A265D67B70055BC6C;
					};
					76D1644E265D67BA0055BC6C = {
						CreatedOnToolsVersion = 12.5;
						TestTargetID = 76D1642A265D67B70055BC6C;
					};
				};
			};
			buildConfigurationList = 76D16426265D67B70055BC6C /* Build configuration list for PBXProject "MapKit demo" */;
			compatibilityVersion = "Xcode 9.3";
			developmentRegion = en;
			hasScannedForEncodings = 0;
			knownRegions = (
				en,
				Base,
			);
			mainGroup = 76D16422265D67B70055BC6C;
			productRefGroup = 76D1642C265D67B80055BC6C /* Products */;
			projectDirPath = "";
			projectRoot = "";
			targets = (
				76D1642A265D67B70055BC6C /* MapKit demo */,
				76D16443265D67BA0055BC6C /* MapKit demoTests */,
				76D1644E265D67BA0055BC6C /* MapKit demoUITests */,
			);
		};
/* End PBXProject section */

/* Begin PBXResourcesBuildPhase section */
		76D16429265D67B70055BC6C /* Resources */ = {
			isa = PBXResourcesBuildPhase;
			buildActionMask = 2147483647;
			files = (
				76D1643E265D67B90055BC6C /* LaunchScreen.storyboard in Resources */,
				76D1643B265D67B90055BC6C /* Assets.xcassets in Resources */,
				76D16436265D67B80055BC6C /* Main.storyboard in Resources */,
			);
			runOnlyForDeploymentPostprocessing = 0;
		};
		76D16442265D67BA0055BC6C /* Resources */ = {
			isa = PBXResourcesBuildPhase;
			buildActionMask = 2147483647;
			files = (
			);
			runOnlyForDeploymentPostprocessing = 0;
		};
		76D1644D265D67BA0055BC6C /* Resources */ = {
			isa = PBXResourcesBuildPhase;
			buildActionMask = 2147483647;
			files = (
			);
			runOnlyForDeploymentPostprocessing = 0;
		};
/* End PBXResourcesBuildPhase section */

/* Begin PBXSourcesBuildPhase section */
		76D16427265D67B70055BC6C /* Sources */ = {
			isa = PBXSourcesBuildPhase;
			buildActionMask = 2147483647;
			files = (
				76D16433265D67B80055BC6C /* ViewController.swift in Sources */,
				76D1642F265D67B80055BC6C /* AppDelegate.swift in Sources */,
				76D16439265D67B80055BC6C /* MapKit_demo.xcdatamodeld in Sources */,
				76D16431265D67B80055BC6C /* SceneDelegate.swift in Sources */,
			);
			runOnlyForDeploymentPostprocessing = 0;
		};
		76D16440265D67BA0055BC6C /* Sources */ = {
			isa = PBXSourcesBuildPhase;
			buildActionMask = 2147483647;
			files = (
				76D16449265D67BA0055BC6C /* MapKit_demoTests.swift in Sources */,
			);
			runOnlyForDeploymentPostprocessing = 0;
		};
		76D1644B265D67BA0055BC6C /* Sources */ = {
			isa = PBXSourcesBuildPhase;
			buildActionMask = 2147483647;
			files = (
				76D16454265D67BA0055BC6C /* MapKit_demoUITests.swift in Sources */,
			);
			runOnlyForDeploymentPostprocessing = 0;
		};
/* End PBXSourcesBuildPhase section */

/* Begin PBXTargetDependency section */
		76D16446265D67BA0055BC6C /* PBXTargetDependency */ = {
			isa = PBXTargetDependency;
			target = 76D1642A265D67B70055BC6C /* MapKit demo */;
			targetProxy = 76D16445265D67BA0055BC6C /* PBXContainerItemProxy */;
		};
		76D16451265D67BA0055BC6C /* PBXTargetDependency */ = {
			isa = PBXTargetDependency;
			target = 76D1642A265D67B70055BC6C /* MapKit demo */;
			targetProxy = 76D16450265D67BA0055BC6C /* PBXContainerItemProxy */;
		};
/* End PBXTargetDependency section */

/* Begin PBXVariantGroup section */
		76D16434265D67B80055BC6C /* Main.storyboard */ = {
			isa = PBXVariantGroup;
			children = (
				76D16435265D67B80055BC6C /* Base */,
			);
			name = Main.storyboard;
			sourceTree = "<group>";
		};
		76D1643C265D67B90055BC6C /* LaunchScreen.storyboard */ = {
			isa = PBXVariantGroup;
			children = (
				76D1643D265D67B90055BC6C /* Base */,
			);
			name = LaunchScreen.storyboard;
			sourceTree = "<group>";
		};
/* End PBXVariantGroup section */

/* Begin XCBuildConfiguration section */
		76D16456265D67BA0055BC6C /* Debug */ = {
			isa = XCBuildConfiguration;
			buildSettings = {
				ALWAYS_SEARCH_USER_PATHS = NO;
				CLANG_ANALYZER_NONNULL = YES;
				CLANG_ANALYZER_NUMBER_OBJECT_CONVERSION = YES_AGGRESSIVE;
				CLANG_CXX_LANGUAGE_STANDARD = "gnu++14";
				CLANG_CXX_LIBRARY = "libc++";
				CLANG_ENABLE_MODULES = YES;
				CLANG_ENABLE_OBJC_ARC = YES;
				CLANG_ENABLE_OBJC_WEAK = YES;
				CLANG_WARN_BLOCK_CAPTURE_AUTORELEASING = YES;
				CLANG_WARN_BOOL_CONVERSION = YES;
				CLANG_WARN_COMMA = YES;
				CLANG_WARN_CONSTANT_CONVERSION = YES;
				CLANG_WARN_DEPRECATED_OBJC_IMPLEMENTATIONS = YES;
				CLANG_WARN_DIRECT_OBJC_ISA_USAGE = YES_ERROR;
				CLANG_WARN_DOCUMENTATION_COMMENTS = YES;
				CLANG_WARN_EMPTY_BODY = YES;
				CLANG_WARN_ENUM_CONVERSION = YES;
				CLANG_WARN_INFINITE_RECURSION = YES;
				CLANG_WARN_INT_CONVERSION = YES;
				CLANG_WARN_NON_LITERAL_NULL_CONVERSION = YES;
				CLANG_WARN_OBJC_IMPLICIT_RETAIN_SELF = YES;
				CLANG_WARN_OBJC_LITERAL_CONVERSION = YES;
				CLANG_WARN_OBJC_ROOT_CLASS = YES_ERROR;
				CLANG_WARN_QUOTED_INCLUDE_IN_FRAMEWORK_HEADER = YES;
				CLANG_WARN_RANGE_LOOP_ANALYSIS = YES;
				CLANG_WARN_STRICT_PROTOTYPES = YES;
				CLANG_WARN_SUSPICIOUS_MOVE = YES;
				CLANG_WARN_UNGUARDED_AVAILABILITY = YES_AGGRESSIVE;
				CLANG_WARN_UNREACHABLE_CODE = YES;
				CLANG_WARN__DUPLICATE_METHOD_MATCH = YES;
				COPY_PHASE_STRIP = NO;
				DEBUG_INFORMATION_FORMAT = dwarf;
				ENABLE_STRICT_OBJC_MSGSEND = YES;
				ENABLE_TESTABILITY = YES;
				GCC_C_LANGUAGE_STANDARD = gnu11;
				GCC_DYNAMIC_NO_PIC = NO;
				GCC_NO_COMMON_BLOCKS = YES;
				GCC_OPTIMIZATION_LEVEL = 0;
				GCC_PREPROCESSOR_DEFINITIONS = (
					"DEBUG=1",
					"$(inherited)",
				);
				GCC_WARN_64_TO_32_BIT_CONVERSION = YES;
				GCC_WARN_ABOUT_RETURN_TYPE = YES_ERROR;
				GCC_WARN_UNDECLARED_SELECTOR = YES;
				GCC_WARN_UNINITIALIZED_AUTOS = YES_AGGRESSIVE;
				GCC_WARN_UNUSED_FUNCTION = YES;
				GCC_WARN_UNUSED_VARIABLE = YES;
				IPHONEOS_DEPLOYMENT_TARGET = 14.5;
				MTL_ENABLE_DEBUG_INFO = INCLUDE_SOURCE;
				MTL_FAST_MATH = YES;
				ONLY_ACTIVE_ARCH = YES;
				SDKROOT = iphoneos;
				SWIFT_ACTIVE_COMPILATION_CONDITIONS = DEBUG;
				SWIFT_OPTIMIZATION_LEVEL = "-Onone";
			};
			name = Debug;
		};
		76D16457265D67BA0055BC6C /* Release */ = {
			isa = XCBuildConfiguration;
			buildSettings = {
				ALWAYS_SEARCH_USER_PATHS = NO;
				CLANG_ANALYZER_NONNULL = YES;
				CLANG_ANALYZER_NUMBER_OBJECT_CONVERSION = YES_AGGRESSIVE;
				CLANG_CXX_LANGUAGE_STANDARD = "gnu++14";
				CLANG_CXX_LIBRARY = "libc++";
				CLANG_ENABLE_MODULES = YES;
				CLANG_ENABLE_OBJC_ARC = YES;
				CLANG_ENABLE_OBJC_WEAK = YES;
				CLANG_WARN_BLOCK_CAPTURE_AUTORELEASING = YES;
				CLANG_WARN_BOOL_CONVERSION = YES;
				CLANG_WARN_COMMA = YES;
				CLANG_WARN_CONSTANT_CONVERSION = YES;
				CLANG_WARN_DEPRECATED_OBJC_IMPLEMENTATIONS = YES;
				CLANG_WARN_DIRECT_OBJC_ISA_USAGE = YES_ERROR;
				CLANG_WARN_DOCUMENTATION_COMMENTS = YES;
				CLANG_WARN_EMPTY_BODY = YES;
				CLANG_WARN_ENUM_CONVERSION = YES;
				CLANG_WARN_INFINITE_RECURSION = YES;
				CLANG_WARN_INT_CONVERSION = YES;
				CLANG_WARN_NON_LITERAL_NULL_CONVERSION = YES;
				CLANG_WARN_OBJC_IMPLICIT_RETAIN_SELF = YES;
				CLANG_WARN_OBJC_LITERAL_CONVERSION = YES;
				CLANG_WARN_OBJC_ROOT_CLASS = YES_ERROR;
				CLANG_WARN_QUOTED_INCLUDE_IN_FRAMEWORK_HEADER = YES;
				CLANG_WARN_RANGE_LOOP_ANALYSIS = YES;
				CLANG_WARN_STRICT_PROTOTYPES = YES;
				CLANG_WARN_SUSPICIOUS_MOVE = YES;
				CLANG_WARN_UNGUARDED_AVAILABILITY = YES_AGGRESSIVE;
				CLANG_WARN_UNREACHABLE_CODE = YES;
				CLANG_WARN__DUPLICATE_METHOD_MATCH = YES;
				COPY_PHASE_STRIP = NO;
				DEBUG_INFORMATION_FORMAT = "dwarf-with-dsym";
				ENABLE_NS_ASSERTIONS = NO;
				ENABLE_STRICT_OBJC_MSGSEND = YES;
				GCC_C_LANGUAGE_STANDARD = gnu11;
				GCC_NO_COMMON_BLOCKS = YES;
				GCC_WARN_64_TO_32_BIT_CONVERSION = YES;
				GCC_WARN_ABOUT_RETURN_TYPE = YES_ERROR;
				GCC_WARN_UNDECLARED_SELECTOR = YES;
				GCC_WARN_UNINITIALIZED_AUTOS = YES_AGGRESSIVE;
				GCC_WARN_UNUSED_FUNCTION = YES;
				GCC_WARN_UNUSED_VARIABLE = YES;
				IPHONEOS_DEPLOYMENT_TARGET = 14.5;
				MTL_ENABLE_DEBUG_INFO = NO;
				MTL_FAST_MATH = YES;
				SDKROOT = iphoneos;
				SWIFT_COMPILATION_MODE = wholemodule;
				SWIFT_OPTIMIZATION_LEVEL = "-O";
				VALIDATE_PRODUCT = YES;
			};
			name = Release;
		};
		76D16459265D67BA0055BC6C /* Debug */ = {
			isa = XCBuildConfiguration;
			buildSettings = {
				ASSETCATALOG_COMPILER_APPICON_NAME = AppIcon;
				ASSETCATALOG_COMPILER_GLOBAL_ACCENT_COLOR_NAME = AccentColor;
				CODE_SIGN_STYLE = Automatic;
				INFOPLIST_FILE = "MapKit demo/Info.plist";
				LD_RUNPATH_SEARCH_PATHS = (
					"$(inherited)",
					"@executable_path/Frameworks",
				);
				PRODUCT_BUNDLE_IDENTIFIER = "nikita-pavlov.MapKit-demo";
				PRODUCT_NAME = "$(TARGET_NAME)";
				SWIFT_VERSION = 5.0;
				TARGETED_DEVICE_FAMILY = "1,2";
			};
			name = Debug;
		};
		76D1645A265D67BA0055BC6C /* Release */ = {
			isa = XCBuildConfiguration;
			buildSettings = {
				ASSETCATALOG_COMPILER_APPICON_NAME = AppIcon;
				ASSETCATALOG_COMPILER_GLOBAL_ACCENT_COLOR_NAME = AccentColor;
				CODE_SIGN_STYLE = Automatic;
				INFOPLIST_FILE = "MapKit demo/Info.plist";
				LD_RUNPATH_SEARCH_PATHS = (
					"$(inherited)",
					"@executable_path/Frameworks",
				);
				PRODUCT_BUNDLE_IDENTIFIER = "nikita-pavlov.MapKit-demo";
				PRODUCT_NAME = "$(TARGET_NAME)";
				SWIFT_VERSION = 5.0;
				TARGETED_DEVICE_FAMILY = "1,2";
			};
			name = Release;
		};
		76D1645C265D67BA0055BC6C /* Debug */ = {
			isa = XCBuildConfiguration;
			buildSettings = {
				ALWAYS_EMBED_SWIFT_STANDARD_LIBRARIES = YES;
				BUNDLE_LOADER = "$(TEST_HOST)";
				CODE_SIGN_STYLE = Automatic;
				INFOPLIST_FILE = "MapKit demoTests/Info.plist";
				IPHONEOS_DEPLOYMENT_TARGET = 14.5;
				LD_RUNPATH_SEARCH_PATHS = (
					"$(inherited)",
					"@executable_path/Frameworks",
					"@loader_path/Frameworks",
				);
				PRODUCT_BUNDLE_IDENTIFIER = "nikita-pavlov.MapKit-demoTests";
				PRODUCT_NAME = "$(TARGET_NAME)";
				SWIFT_VERSION = 5.0;
				TARGETED_DEVICE_FAMILY = "1,2";
				TEST_HOST = "$(BUILT_PRODUCTS_DIR)/MapKit demo.app/MapKit demo";
			};
			name = Debug;
		};
		76D1645D265D67BA0055BC6C /* Release */ = {
			isa = XCBuildConfiguration;
			buildSettings = {
				ALWAYS_EMBED_SWIFT_STANDARD_LIBRARIES = YES;
				BUNDLE_LOADER = "$(TEST_HOST)";
				CODE_SIGN_STYLE = Automatic;
				INFOPLIST_FILE = "MapKit demoTests/Info.plist";
				IPHONEOS_DEPLOYMENT_TARGET = 14.5;
				LD_RUNPATH_SEARCH_PATHS = (
					"$(inherited)",
					"@executable_path/Frameworks",
					"@loader_path/Frameworks",
				);
				PRODUCT_BUNDLE_IDENTIFIER = "nikita-pavlov.MapKit-demoTests";
				PRODUCT_NAME = "$(TARGET_NAME)";
				SWIFT_VERSION = 5.0;
				TARGETED_DEVICE_FAMILY = "1,2";
				TEST_HOST = "$(BUILT_PRODUCTS_DIR)/MapKit demo.app/MapKit demo";
			};
			name = Release;
		};
		76D1645F265D67BA0055BC6C /* Debug */ = {
			isa = XCBuildConfiguration;
			buildSettings = {
				ALWAYS_EMBED_SWIFT_STANDARD_LIBRARIES = YES;
				CODE_SIGN_STYLE = Automatic;
				INFOPLIST_FILE = "MapKit demoUITests/Info.plist";
				LD_RUNPATH_SEARCH_PATHS = (
					"$(inherited)",
					"@executable_path/Frameworks",
					"@loader_path/Frameworks",
				);
				PRODUCT_BUNDLE_IDENTIFIER = "nikita-pavlov.MapKit-demoUITests";
				PRODUCT_NAME = "$(TARGET_NAME)";
				SWIFT_VERSION = 5.0;
				TARGETED_DEVICE_FAMILY = "1,2";
				TEST_TARGET_NAME = "MapKit demo";
			};
			name = Debug;
		};
		76D16460265D67BA0055BC6C /* Release */ = {
			isa = XCBuildConfiguration;
			buildSettings = {
				ALWAYS_EMBED_SWIFT_STANDARD_LIBRARIES = YES;
				CODE_SIGN_STYLE = Automatic;
				INFOPLIST_FILE = "MapKit demoUITests/Info.plist";
				LD_RUNPATH_SEARCH_PATHS = (
					"$(inherited)",
					"@executable_path/Frameworks",
					"@loader_path/Frameworks",
				);
				PRODUCT_BUNDLE_IDENTIFIER = "nikita-pavlov.MapKit-demoUITests";
				PRODUCT_NAME = "$(TARGET_NAME)";
				SWIFT_VERSION = 5.0;
				TARGETED_DEVICE_FAMILY = "1,2";
				TEST_TARGET_NAME = "MapKit demo";
			};
			name = Release;
		};
/* End XCBuildConfiguration section */

/* Begin XCConfigurationList section */
		76D16426265D67B70055BC6C /* Build configuration list for PBXProject "MapKit demo" */ = {
			isa = XCConfigurationList;
			buildConfigurations = (
				76D16456265D67BA0055BC6C /* Debug */,
				76D16457265D67BA0055BC6C /* Release */,
			);
			defaultConfigurationIsVisible = 0;
			defaultConfigurationName = Release;
		};
		76D16458265D67BA0055BC6C /* Build configuration list for PBXNativeTarget "MapKit demo" */ = {
			isa = XCConfigurationList;
			buildConfigurations = (
				76D16459265D67BA0055BC6C /* Debug */,
				76D1645A265D67BA0055BC6C /* Release */,
			);
			defaultConfigurationIsVisible = 0;
			defaultConfigurationName = Release;
		};
		76D1645B265D67BA0055BC6C /* Build configuration list for PBXNativeTarget "MapKit demoTests" */ = {
			isa = XCConfigurationList;
			buildConfigurations = (
				76D1645C265D67BA0055BC6C /* Debug */,
				76D1645D265D67BA0055BC6C /* Release */,
			);
			defaultConfigurationIsVisible = 0;
			defaultConfigurationName = Release;
		};
		76D1645E265D67BA0055BC6C /* Build configuration list for PBXNativeTarget "MapKit demoUITests" */ = {
			isa = XCConfigurationList;
			buildConfigurations = (
				76D1645F265D67BA0055BC6C /* Debug */,
				76D16460265D67BA0055BC6C /* Release */,
			);
			defaultConfigurationIsVisible = 0;
			defaultConfigurationName = Release;
		};
/* End XCConfigurationList section */

/* Begin XCVersionGroup section */
		76D16437265D67B80055BC6C /* MapKit_demo.xcdatamodeld */ = {
			isa = XCVersionGroup;
			children = (
				76D16438265D67B80055BC6C /* MapKit_demo.xcdatamodel */,
			);
			currentVersion = 76D16438265D67B80055BC6C /* MapKit_demo.xcdatamodel */;
			path = MapKit_demo.xcdatamodeld;
			sourceTree = "<group>";
			versionGroupType = wrapper.xcdatamodel;
		};
/* End XCVersionGroup section */
	};
	rootObject = 76D16423265D67B70055BC6C /* Project object */;
}
